
Microsoft Visual Studio Solution File, Format Version 12.00
# Visual Studio Version 16
VisualStudioVersion = 16.0.30225.117
MinimumVisualStudioVersion = 10.0.40219.1
Project("{FAE04EC0-301F-11D3-BF4B-00C04F79EFBC}") = "ColonistsDeco", "ColonistsDeco\ColonistsDeco.csproj", "{7A174F10-585C-44E9-9748-2E50ED4C80C7}"
EndProject
Global
	GlobalSection(SolutionConfigurationPlatforms) = preSolution
		Debug|Any CPU = Debug|Any CPU
		Release|Any CPU = Release|Any CPU
	EndGlobalSection
	GlobalSection(ProjectConfigurationPlatforms) = postSolution
		{7A174F10-585C-44E9-9748-2E50ED4C80C7}.Debug|Any CPU.ActiveCfg = Debug|Any CPU
		{7A174F10-585C-44E9-9748-2E50ED4C80C7}.Debug|Any CPU.Build.0 = Debug|Any CPU
		{7A174F10-585C-44E9-9748-2E50ED4C80C7}.Release|Any CPU.ActiveCfg = Release|Any CPU
		{7A174F10-585C-44E9-9748-2E50ED4C80C7}.Release|Any CPU.Build.0 = Release|Any CPU
	EndGlobalSection
	GlobalSection(SolutionProperties) = preSolution
		HideSolutionNode = FALSE
	EndGlobalSection
	GlobalSection(ExtensibilityGlobals) = postSolution
		SolutionGuid = {68138D88-2534-4814-8761-3C119D21F23B}
		BuildVersion_UpdateAssemblyVersion = True
		BuildVersion_UpdateFileVersion = True
		BuildVersion_StartDate = 2000/1/1
		BuildVersion_AssemblyInfoFilename = ColonistsDeco\Properties\AssemblyInfo.cs
	EndGlobalSection
EndGlobal
